
Microsoft Visual Studio Solution File, Format Version 12.00
# Visual Studio Version 17
VisualStudioVersion = 17.7.34018.315
MinimumVisualStudioVersion = 10.0.40219.1
Project("{FAE04EC0-301F-11D3-BF4B-00C04F79EFBC}") = "CSC150-1001-Loops-wsc", "CSC150-1001-Loops-wsc.csproj", "{0CCFE08C-DF73-4072-A8F0-8D1861E5FB3E}"
EndProject
Global
	GlobalSection(SolutionConfigurationPlatforms) = preSolution
		Debug|Any CPU = Debug|Any CPU
		Release|Any CPU = Release|Any CPU
	EndGlobalSection
	GlobalSection(ProjectConfigurationPlatforms) = postSolution
		{0CCFE08C-DF73-4072-A8F0-8D1861E5FB3E}.Debug|Any CPU.ActiveCfg = Debug|Any CPU
		{0CCFE08C-DF73-4072-A8F0-8D1861E5FB3E}.Debug|Any CPU.Build.0 = Debug|Any CPU
		{0CCFE08C-DF73-4072-A8F0-8D1861E5FB3E}.Release|Any CPU.ActiveCfg = Release|Any CPU
		{0CCFE08C-DF73-4072-A8F0-8D1861E5FB3E}.Release|Any CPU.Build.0 = Release|Any CPU
	EndGlobalSection
	GlobalSection(SolutionProperties) = preSolution
		HideSolutionNode = FALSE
	EndGlobalSection
	GlobalSection(ExtensibilityGlobals) = postSolution
		SolutionGuid = {B501B534-BC58-432F-A83E-BB9170D10EDA}
	EndGlobalSection
EndGlobal
